// !$*UTF8*$!
{
	archiveVersion = 1;
	classes = {
	};
	objectVersion = 77;
	objects = {

/* Begin PBXBuildFile section */
		826C1DBD2F1350880095A600 /* Main.storyboard in Resources */ = {isa = PBXBuildFile; fileRef = 826C1DB22F1350880095A600 /* Main.storyboard */; };
		826C1DBE2F1350880095A600 /* Assets.xcassets in Resources */ = {isa = PBXBuildFile; fileRef = 826C1DB72F1350880095A600 /* Assets.xcassets */; };
		826C1DC02F1350880095A600 /* LaunchScreen.storyboard in Resources */ = {isa = PBXBuildFile; fileRef = 826C1DBA2F1350880095A600 /* LaunchScreen.storyboard */; };
		826C1DC22F1350880095A600 /* AppDelegate.swift in Sources */ = {isa = PBXBuildFile; fileRef = 826C1DB62F1350880095A600 /* AppDelegate.swift */; };
		826C1DC32F1350880095A600 /* SceneDelegate.swift in Sources */ = {isa = PBXBuildFile; fileRef = 826C1DBB2F1350880095A600 /* SceneDelegate.swift */; };
		826C1DC52F1351490095A600 /* HomeNavigationController.swift in Sources */ = {isa = PBXBuildFile; fileRef = 826C1DC42F1351490095A600 /* HomeNavigationController.swift */; };
		826C1DDF2F1356350095A600 /* PHFetchManager.swift in Sources */ = {isa = PBXBuildFile; fileRef = 826C1DDE2F1356350095A600 /* PHFetchManager.swift */; };
		826C1DE12F1356640095A600 /* PHLibraryEditorManager.swift in Sources */ = {isa = PBXBuildFile; fileRef = 826C1DE02F1356640095A600 /* PHLibraryEditorManager.swift */; };
		826C1DE32F1356B20095A600 /* Date.swift in Sources */ = {isa = PBXBuildFile; fileRef = 826C1DE22F1356B20095A600 /* Date.swift */; };
		826C1DE62F1356E40095A600 /* UIImage.swift in Sources */ = {isa = PBXBuildFile; fileRef = 826C1DE52F1356E40095A600 /* UIImage.swift */; };
		826C1DF32F135AF20095A600 /* BaseViewController.swift in Sources */ = {isa = PBXBuildFile; fileRef = 826C1DF22F135AF20095A600 /* BaseViewController.swift */; };
		826C1DF62F135B2F0095A600 /* ButtonData.swift in Sources */ = {isa = PBXBuildFile; fileRef = 826C1DF52F135B2F0095A600 /* ButtonData.swift */; };
		826C1DF92F135E130095A600 /* PhotoCollectionViewCell.swift in Sources */ = {isa = PBXBuildFile; fileRef = 826C1DF72F135E130095A600 /* PhotoCollectionViewCell.swift */; };
		826C1DFA2F135E130095A600 /* PhotoCollectionViewCell.xib in Resources */ = {isa = PBXBuildFile; fileRef = 826C1DF82F135E130095A600 /* PhotoCollectionViewCell.xib */; };
		826C1DFE2F135E720095A600 /* HomeGalaryViewController.swift in Sources */ = {isa = PBXBuildFile; fileRef = 826C1DFD2F135E720095A600 /* HomeGalaryViewController.swift */; };
		826C1E002F135EC00095A600 /* OnboardingPageViewController.swift in Sources */ = {isa = PBXBuildFile; fileRef = 826C1DFF2F135EC00095A600 /* OnboardingPageViewController.swift */; };
		826C1E022F135EEB0095A600 /* OnboardingDetailViewController.swift in Sources */ = {isa = PBXBuildFile; fileRef = 826C1E012F135EEB0095A600 /* OnboardingDetailViewController.swift */; };
		826C1E052F135F1E0095A600 /* RefreshViewController.swift in Sources */ = {isa = PBXBuildFile; fileRef = 826C1E042F135F1E0095A600 /* RefreshViewController.swift */; };
		826C1E0B2F1360480095A600 /* VideoPlayerViewController.swift in Sources */ = {isa = PBXBuildFile; fileRef = 826C1E0A2F1360480095A600 /* VideoPlayerViewController.swift */; };
		826C1E0E2F1360940095A600 /* VideoCompressorViewController.swift in Sources */ = {isa = PBXBuildFile; fileRef = 826C1E0D2F1360940095A600 /* VideoCompressorViewController.swift */; };
		826C1E112F13617E0095A600 /* GalaryViewController.swift in Sources */ = {isa = PBXBuildFile; fileRef = 826C1E102F13617E0095A600 /* GalaryViewController.swift */; };
		826C1E132F1362BB0095A600 /* UITableViewCell+UICollectionViewCell.swift in Sources */ = {isa = PBXBuildFile; fileRef = 826C1E122F1362BB0095A600 /* UITableViewCell+UICollectionViewCell.swift */; };
		826C1E152F13637A0095A600 /* GalaryItemPresentationModel.swift in Sources */ = {isa = PBXBuildFile; fileRef = 826C1E142F13637A0095A600 /* GalaryItemPresentationModel.swift */; };
		826C1E172F1363F50095A600 /* MediaTypePickerViewController.swift in Sources */ = {isa = PBXBuildFile; fileRef = 826C1E162F1363F50095A600 /* MediaTypePickerViewController.swift */; };
		829BF03B2F13FA4F000FAE35 /* CompressorCell.swift in Sources */ = {isa = PBXBuildFile; fileRef = 829BF03A2F13FA4F000FAE35 /* CompressorCell.swift */; };
		829BF0522F14EC46000FAE35 /* SimilarityDataBaseModel.swift in Sources */ = {isa = PBXBuildFile; fileRef = 829BF0512F14EC46000FAE35 /* SimilarityDataBaseModel.swift */; };
		829BF0542F14ECB7000FAE35 /* FileManagerService.swift in Sources */ = {isa = PBXBuildFile; fileRef = 829BF0532F14ECB7000FAE35 /* FileManagerService.swift */; };
		82C7D9C62F156E4E00E2F0FA /* SimiliarDetectionService.swift in Sources */ = {isa = PBXBuildFile; fileRef = 82C7D9C52F156E4E00E2F0FA /* SimiliarDetectionService.swift */; };
		82C7D9C82F1571D300E2F0FA /* MediaGroupType.swift in Sources */ = {isa = PBXBuildFile; fileRef = 82C7D9C72F1571D300E2F0FA /* MediaGroupType.swift */; };
/* End PBXBuildFile section */

/* Begin PBXFileReference section */
		823D527B2F134EFE00B609F4 /* PhotoGalaryUtility.app */ = {isa = PBXFileReference; explicitFileType = wrapper.application; includeInIndex = 0; path = PhotoGalaryUtility.app; sourceTree = BUILT_PRODUCTS_DIR; };
		826C1DB12F1350880095A600 /* Base */ = {isa = PBXFileReference; lastKnownFileType = file.storyboard; name = Base; path = Base.lproj/Main.storyboard; sourceTree = "<group>"; };
		826C1DB62F1350880095A600 /* AppDelegate.swift */ = {isa = PBXFileReference; lastKnownFileType = sourcecode.swift; path = AppDelegate.swift; sourceTree = "<group>"; };
		826C1DB72F1350880095A600 /* Assets.xcassets */ = {isa = PBXFileReference; lastKnownFileType = folder.assetcatalog; path = Assets.xcassets; sourceTree = "<group>"; };
		826C1DB82F1350880095A600 /* Info.plist */ = {isa = PBXFileReference; lastKnownFileType = text.plist.xml; path = Info.plist; sourceTree = "<group>"; };
		826C1DB92F1350880095A600 /* Base */ = {isa = PBXFileReference; lastKnownFileType = file.storyboard; name = Base; path = Base.lproj/LaunchScreen.storyboard; sourceTree = "<group>"; };
		826C1DBB2F1350880095A600 /* SceneDelegate.swift */ = {isa = PBXFileReference; lastKnownFileType = sourcecode.swift; path = SceneDelegate.swift; sourceTree = "<group>"; };
		826C1DC42F1351490095A600 /* HomeNavigationController.swift */ = {isa = PBXFileReference; lastKnownFileType = sourcecode.swift; path = HomeNavigationController.swift; sourceTree = "<group>"; };
		826C1DDE2F1356350095A600 /* PHFetchManager.swift */ = {isa = PBXFileReference; lastKnownFileType = sourcecode.swift; path = PHFetchManager.swift; sourceTree = "<group>"; };
		826C1DE02F1356640095A600 /* PHLibraryEditorManager.swift */ = {isa = PBXFileReference; lastKnownFileType = sourcecode.swift; path = PHLibraryEditorManager.swift; sourceTree = "<group>"; };
		826C1DE22F1356B20095A600 /* Date.swift */ = {isa = PBXFileReference; lastKnownFileType = sourcecode.swift; path = Date.swift; sourceTree = "<group>"; };
		826C1DE52F1356E40095A600 /* UIImage.swift */ = {isa = PBXFileReference; lastKnownFileType = sourcecode.swift; path = UIImage.swift; sourceTree = "<group>"; };
		826C1DF22F135AF20095A600 /* BaseViewController.swift */ = {isa = PBXFileReference; lastKnownFileType = sourcecode.swift; path = BaseViewController.swift; sourceTree = "<group>"; };
		826C1DF52F135B2F0095A600 /* ButtonData.swift */ = {isa = PBXFileReference; lastKnownFileType = sourcecode.swift; path = ButtonData.swift; sourceTree = "<group>"; };
		826C1DF72F135E130095A600 /* PhotoCollectionViewCell.swift */ = {isa = PBXFileReference; lastKnownFileType = sourcecode.swift; path = PhotoCollectionViewCell.swift; sourceTree = "<group>"; };
		826C1DF82F135E130095A600 /* PhotoCollectionViewCell.xib */ = {isa = PBXFileReference; lastKnownFileType = file.xib; path = PhotoCollectionViewCell.xib; sourceTree = "<group>"; };
		826C1DFD2F135E720095A600 /* HomeGalaryViewController.swift */ = {isa = PBXFileReference; lastKnownFileType = sourcecode.swift; path = HomeGalaryViewController.swift; sourceTree = "<group>"; };
		826C1DFF2F135EC00095A600 /* OnboardingPageViewController.swift */ = {isa = PBXFileReference; lastKnownFileType = sourcecode.swift; path = OnboardingPageViewController.swift; sourceTree = "<group>"; };
		826C1E012F135EEB0095A600 /* OnboardingDetailViewController.swift */ = {isa = PBXFileReference; lastKnownFileType = sourcecode.swift; path = OnboardingDetailViewController.swift; sourceTree = "<group>"; };
		826C1E042F135F1E0095A600 /* RefreshViewController.swift */ = {isa = PBXFileReference; lastKnownFileType = sourcecode.swift; path = RefreshViewController.swift; sourceTree = "<group>"; };
		826C1E0A2F1360480095A600 /* VideoPlayerViewController.swift */ = {isa = PBXFileReference; lastKnownFileType = sourcecode.swift; path = VideoPlayerViewController.swift; sourceTree = "<group>"; };
		826C1E0D2F1360940095A600 /* VideoCompressorViewController.swift */ = {isa = PBXFileReference; lastKnownFileType = sourcecode.swift; path = VideoCompressorViewController.swift; sourceTree = "<group>"; };
		826C1E102F13617E0095A600 /* GalaryViewController.swift */ = {isa = PBXFileReference; lastKnownFileType = sourcecode.swift; path = GalaryViewController.swift; sourceTree = "<group>"; };
		826C1E122F1362BB0095A600 /* UITableViewCell+UICollectionViewCell.swift */ = {isa = PBXFileReference; lastKnownFileType = sourcecode.swift; path = "UITableViewCell+UICollectionViewCell.swift"; sourceTree = "<group>"; };
		826C1E142F13637A0095A600 /* GalaryItemPresentationModel.swift */ = {isa = PBXFileReference; lastKnownFileType = sourcecode.swift; path = GalaryItemPresentationModel.swift; sourceTree = "<group>"; };
		826C1E162F1363F50095A600 /* MediaTypePickerViewController.swift */ = {isa = PBXFileReference; lastKnownFileType = sourcecode.swift; path = MediaTypePickerViewController.swift; sourceTree = "<group>"; };
		829BF03A2F13FA4F000FAE35 /* CompressorCell.swift */ = {isa = PBXFileReference; lastKnownFileType = sourcecode.swift; path = CompressorCell.swift; sourceTree = "<group>"; };
		829BF0512F14EC46000FAE35 /* SimilarityDataBaseModel.swift */ = {isa = PBXFileReference; lastKnownFileType = sourcecode.swift; path = SimilarityDataBaseModel.swift; sourceTree = "<group>"; };
		829BF0532F14ECB7000FAE35 /* FileManagerService.swift */ = {isa = PBXFileReference; lastKnownFileType = sourcecode.swift; path = FileManagerService.swift; sourceTree = "<group>"; };
		82C7D9C52F156E4E00E2F0FA /* SimiliarDetectionService.swift */ = {isa = PBXFileReference; lastKnownFileType = sourcecode.swift; path = SimiliarDetectionService.swift; sourceTree = "<group>"; };
		82C7D9C72F1571D300E2F0FA /* MediaGroupType.swift */ = {isa = PBXFileReference; lastKnownFileType = sourcecode.swift; path = MediaGroupType.swift; sourceTree = "<group>"; };
/* End PBXFileReference section */

/* Begin PBXFrameworksBuildPhase section */
		823D52782F134EFE00B609F4 /* Frameworks */ = {
			isa = PBXFrameworksBuildPhase;
			buildActionMask = 2147483647;
			files = (
			);
			runOnlyForDeploymentPostprocessing = 0;
		};
/* End PBXFrameworksBuildPhase section */

/* Begin PBXGroup section */
		823D52722F134EFE00B609F4 = {
			isa = PBXGroup;
			children = (
				826C1DBC2F1350880095A600 /* PhotoGalaryUtility */,
				823D527C2F134EFE00B609F4 /* Products */,
			);
			sourceTree = "<group>";
		};
		823D527C2F134EFE00B609F4 /* Products */ = {
			isa = PBXGroup;
			children = (
				823D527B2F134EFE00B609F4 /* PhotoGalaryUtility.app */,
			);
			name = Products;
			sourceTree = "<group>";
		};
		826C1DB32F1350880095A600 /* View */ = {
			isa = PBXGroup;
			children = (
				826C1DB22F1350880095A600 /* Main.storyboard */,
			);
			path = View;
			sourceTree = "<group>";
		};
		826C1DB52F1350880095A600 /* ViewController */ = {
			isa = PBXGroup;
			children = (
				826C1DC42F1351490095A600 /* HomeNavigationController.swift */,
				826C1E102F13617E0095A600 /* GalaryViewController.swift */,
				826C1E162F1363F50095A600 /* MediaTypePickerViewController.swift */,
				826C1DFD2F135E720095A600 /* HomeGalaryViewController.swift */,
				829BF0392F13FA23000FAE35 /* VideoCompressorViewController */,
				826C1E032F135EF80095A600 /* OnboardingPageViewController */,
				826C1E0C2F13604C0095A600 /* ReusableViewController */,
				826C1DF42F135AFD0095A600 /* BaseViewController */,
			);
			path = ViewController;
			sourceTree = "<group>";
		};
		826C1DBC2F1350880095A600 /* PhotoGalaryUtility */ = {
			isa = PBXGroup;
			children = (
				826C1DBB2F1350880095A600 /* SceneDelegate.swift */,
				826C1DB62F1350880095A600 /* AppDelegate.swift */,
				826C1DE72F13571A0095A600 /* Service */,
				826C1E082F135F980095A600 /* Model */,
				826C1DB32F1350880095A600 /* View */,
				826C1DB52F1350880095A600 /* ViewController */,
				826C1E0F2F1360A80095A600 /* ComponentView */,
				826C1DE42F1356B70095A600 /* Extension */,
				826C1DB72F1350880095A600 /* Assets.xcassets */,
				826C1DB82F1350880095A600 /* Info.plist */,
				826C1DBA2F1350880095A600 /* LaunchScreen.storyboard */,
			);
			path = PhotoGalaryUtility;
			sourceTree = "<group>";
		};
		826C1DE42F1356B70095A600 /* Extension */ = {
			isa = PBXGroup;
			children = (
				826C1DE22F1356B20095A600 /* Date.swift */,
				826C1DE52F1356E40095A600 /* UIImage.swift */,
				826C1E122F1362BB0095A600 /* UITableViewCell+UICollectionViewCell.swift */,
			);
			path = Extension;
			sourceTree = "<group>";
		};
		826C1DE72F13571A0095A600 /* Service */ = {
			isa = PBXGroup;
			children = (
				826C1DDE2F1356350095A600 /* PHFetchManager.swift */,
				826C1DE02F1356640095A600 /* PHLibraryEditorManager.swift */,
				82C7D9C52F156E4E00E2F0FA /* SimiliarDetectionService.swift */,
				829BF0532F14ECB7000FAE35 /* FileManagerService.swift */,
			);
			path = Service;
			sourceTree = "<group>";
		};
		826C1DF42F135AFD0095A600 /* BaseViewController */ = {
			isa = PBXGroup;
			children = (
				826C1DF22F135AF20095A600 /* BaseViewController.swift */,
			);
			path = BaseViewController;
			sourceTree = "<group>";
		};
		826C1DFB2F135E190095A600 /* PhotoCollectionViewCell */ = {
			isa = PBXGroup;
			children = (
				826C1DF72F135E130095A600 /* PhotoCollectionViewCell.swift */,
				826C1DF82F135E130095A600 /* PhotoCollectionViewCell.xib */,
			);
			path = PhotoCollectionViewCell;
			sourceTree = "<group>";
		};
		826C1DFC2F135E220095A600 /* UICollectionViewCell */ = {
			isa = PBXGroup;
			children = (
				826C1DFB2F135E190095A600 /* PhotoCollectionViewCell */,
			);
			path = UICollectionViewCell;
			sourceTree = "<group>";
		};
		826C1E032F135EF80095A600 /* OnboardingPageViewController */ = {
			isa = PBXGroup;
			children = (
				826C1DFF2F135EC00095A600 /* OnboardingPageViewController.swift */,
				826C1E012F135EEB0095A600 /* OnboardingDetailViewController.swift */,
			);
			path = OnboardingPageViewController;
			sourceTree = "<group>";
		};
		826C1E082F135F980095A600 /* Model */ = {
			isa = PBXGroup;
			children = (
				829BF0512F14EC46000FAE35 /* SimilarityDataBaseModel.swift */,
				82C7D9C72F1571D300E2F0FA /* MediaGroupType.swift */,
				826C1E092F135FA10095A600 /* DataModel */,
			);
			path = Model;
			sourceTree = "<group>";
		};
		826C1E092F135FA10095A600 /* DataModel */ = {
			isa = PBXGroup;
			children = (
				826C1DF52F135B2F0095A600 /* ButtonData.swift */,
				826C1E142F13637A0095A600 /* GalaryItemPresentationModel.swift */,
			);
			path = DataModel;
			sourceTree = "<group>";
		};
		826C1E0C2F13604C0095A600 /* ReusableViewController */ = {
			isa = PBXGroup;
			children = (
				826C1E042F135F1E0095A600 /* RefreshViewController.swift */,
				826C1E0A2F1360480095A600 /* VideoPlayerViewController.swift */,
			);
			path = ReusableViewController;
			sourceTree = "<group>";
		};
		826C1E0F2F1360A80095A600 /* ComponentView */ = {
			isa = PBXGroup;
			children = (
				826C1DFC2F135E220095A600 /* UICollectionViewCell */,
			);
			path = ComponentView;
			sourceTree = "<group>";
		};
		829BF0392F13FA23000FAE35 /* VideoCompressorViewController */ = {
			isa = PBXGroup;
			children = (
				826C1E0D2F1360940095A600 /* VideoCompressorViewController.swift */,
				829BF03C2F13FA55000FAE35 /* Cell */,
			);
			path = VideoCompressorViewController;
			sourceTree = "<group>";
		};
		829BF03C2F13FA55000FAE35 /* Cell */ = {
			isa = PBXGroup;
			children = (
				829BF03A2F13FA4F000FAE35 /* CompressorCell.swift */,
			);
			path = Cell;
			sourceTree = "<group>";
		};
/* End PBXGroup section */

/* Begin PBXNativeTarget section */
		823D527A2F134EFE00B609F4 /* PhotoGalaryUtility */ = {
			isa = PBXNativeTarget;
			buildConfigurationList = 823D528E2F134F0000B609F4 /* Build configuration list for PBXNativeTarget "PhotoGalaryUtility" */;
			buildPhases = (
				823D52772F134EFE00B609F4 /* Sources */,
				823D52782F134EFE00B609F4 /* Frameworks */,
				823D52792F134EFE00B609F4 /* Resources */,
			);
			buildRules = (
			);
			dependencies = (
			);
			name = PhotoGalaryUtility;
			packageProductDependencies = (
			);
			productName = PhotoGalaryUtility;
			productReference = 823D527B2F134EFE00B609F4 /* PhotoGalaryUtility.app */;
			productType = "com.apple.product-type.application";
		};
/* End PBXNativeTarget section */

/* Begin PBXProject section */
		823D52732F134EFE00B609F4 /* Project object */ = {
			isa = PBXProject;
			attributes = {
				BuildIndependentTargetsInParallel = 1;
				LastSwiftUpdateCheck = 2600;
				LastUpgradeCheck = 2600;
				TargetAttributes = {
					823D527A2F134EFE00B609F4 = {
						CreatedOnToolsVersion = 26.0;
					};
				};
			};
			buildConfigurationList = 823D52762F134EFE00B609F4 /* Build configuration list for PBXProject "PhotoGalaryUtility" */;
			developmentRegion = en;
			hasScannedForEncodings = 0;
			knownRegions = (
				en,
				Base,
			);
			mainGroup = 823D52722F134EFE00B609F4;
			minimizedProjectReferenceProxies = 1;
			preferredProjectObjectVersion = 77;
			productRefGroup = 823D527C2F134EFE00B609F4 /* Products */;
			projectDirPath = "";
			projectRoot = "";
			targets = (
				823D527A2F134EFE00B609F4 /* PhotoGalaryUtility */,
			);
		};
/* End PBXProject section */

/* Begin PBXResourcesBuildPhase section */
		823D52792F134EFE00B609F4 /* Resources */ = {
			isa = PBXResourcesBuildPhase;
			buildActionMask = 2147483647;
			files = (
				826C1DBD2F1350880095A600 /* Main.storyboard in Resources */,
				826C1DFA2F135E130095A600 /* PhotoCollectionViewCell.xib in Resources */,
				826C1DBE2F1350880095A600 /* Assets.xcassets in Resources */,
				826C1DC02F1350880095A600 /* LaunchScreen.storyboard in Resources */,
			);
			runOnlyForDeploymentPostprocessing = 0;
		};
/* End PBXResourcesBuildPhase section */

/* Begin PBXSourcesBuildPhase section */
		823D52772F134EFE00B609F4 /* Sources */ = {
			isa = PBXSourcesBuildPhase;
			buildActionMask = 2147483647;
			files = (
				826C1DDF2F1356350095A600 /* PHFetchManager.swift in Sources */,
				826C1DF92F135E130095A600 /* PhotoCollectionViewCell.swift in Sources */,
				826C1DE32F1356B20095A600 /* Date.swift in Sources */,
				826C1DC22F1350880095A600 /* AppDelegate.swift in Sources */,
				826C1E052F135F1E0095A600 /* RefreshViewController.swift in Sources */,
				829BF0542F14ECB7000FAE35 /* FileManagerService.swift in Sources */,
				826C1E002F135EC00095A600 /* OnboardingPageViewController.swift in Sources */,
				826C1DC52F1351490095A600 /* HomeNavigationController.swift in Sources */,
				826C1DE12F1356640095A600 /* PHLibraryEditorManager.swift in Sources */,
				826C1DF62F135B2F0095A600 /* ButtonData.swift in Sources */,
				829BF0522F14EC46000FAE35 /* SimilarityDataBaseModel.swift in Sources */,
				82C7D9C82F1571D300E2F0FA /* MediaGroupType.swift in Sources */,
				826C1E172F1363F50095A600 /* MediaTypePickerViewController.swift in Sources */,
				826C1E152F13637A0095A600 /* GalaryItemPresentationModel.swift in Sources */,
				826C1E0E2F1360940095A600 /* VideoCompressorViewController.swift in Sources */,
				826C1E112F13617E0095A600 /* GalaryViewController.swift in Sources */,
				826C1DFE2F135E720095A600 /* HomeGalaryViewController.swift in Sources */,
				826C1E022F135EEB0095A600 /* OnboardingDetailViewController.swift in Sources */,
				826C1DF32F135AF20095A600 /* BaseViewController.swift in Sources */,
				826C1E0B2F1360480095A600 /* VideoPlayerViewController.swift in Sources */,
				82C7D9C62F156E4E00E2F0FA /* SimiliarDetectionService.swift in Sources */,
				826C1DC32F1350880095A600 /* SceneDelegate.swift in Sources */,
				826C1E132F1362BB0095A600 /* UITableViewCell+UICollectionViewCell.swift in Sources */,
				829BF03B2F13FA4F000FAE35 /* CompressorCell.swift in Sources */,
				826C1DE62F1356E40095A600 /* UIImage.swift in Sources */,
			);
			runOnlyForDeploymentPostprocessing = 0;
		};
/* End PBXSourcesBuildPhase section */

/* Begin PBXVariantGroup section */
		826C1DB22F1350880095A600 /* Main.storyboard */ = {
			isa = PBXVariantGroup;
			children = (
				826C1DB12F1350880095A600 /* Base */,
			);
			name = Main.storyboard;
			sourceTree = "<group>";
		};
		826C1DBA2F1350880095A600 /* LaunchScreen.storyboard */ = {
			isa = PBXVariantGroup;
			children = (
				826C1DB92F1350880095A600 /* Base */,
			);
			name = LaunchScreen.storyboard;
			sourceTree = "<group>";
		};
/* End PBXVariantGroup section */

/* Begin XCBuildConfiguration section */
		823D528F2F134F0000B609F4 /* Debug */ = {
			isa = XCBuildConfiguration;
			buildSettings = {
				ASSETCATALOG_COMPILER_APPICON_NAME = AppIcon;
				ASSETCATALOG_COMPILER_GLOBAL_ACCENT_COLOR_NAME = AccentColor;
				CODE_SIGN_STYLE = Automatic;
				CURRENT_PROJECT_VERSION = 1;
				DEVELOPMENT_TEAM = FQA2XH9ZUM;
				GENERATE_INFOPLIST_FILE = YES;
				INFOPLIST_FILE = PhotoGalaryUtility/Info.plist;
				INFOPLIST_KEY_UIApplicationSupportsIndirectInputEvents = YES;
				INFOPLIST_KEY_UILaunchStoryboardName = LaunchScreen;
				INFOPLIST_KEY_UIMainStoryboardFile = Main;
				INFOPLIST_KEY_UISupportedInterfaceOrientations = UIInterfaceOrientationPortrait;
				INFOPLIST_KEY_UISupportedInterfaceOrientations_iPad = "UIInterfaceOrientationLandscapeLeft UIInterfaceOrientationLandscapeRight UIInterfaceOrientationPortrait UIInterfaceOrientationPortraitUpsideDown";
				IPHONEOS_DEPLOYMENT_TARGET = 11.0;
				LD_RUNPATH_SEARCH_PATHS = (
					"$(inherited)",
					"@executable_path/Frameworks",
				);
				MARKETING_VERSION = 1.0;
				PRODUCT_BUNDLE_IDENTIFIER = com.dovhiy.PhotoGalaryUtility;
				PRODUCT_NAME = "$(TARGET_NAME)";
				STRING_CATALOG_GENERATE_SYMBOLS = YES;
				SWIFT_APPROACHABLE_CONCURRENCY = YES;
				SWIFT_DEFAULT_ACTOR_ISOLATION = MainActor;
				SWIFT_EMIT_LOC_STRINGS = YES;
				SWIFT_UPCOMING_FEATURE_MEMBER_IMPORT_VISIBILITY = YES;
				SWIFT_VERSION = 5.0;
				TARGETED_DEVICE_FAMILY = "1,2";
			};
			name = Debug;
		};
		823D52902F134F0000B609F4 /* Release */ = {
			isa = XCBuildConfiguration;
			buildSettings = {
				ASSETCATALOG_COMPILER_APPICON_NAME = AppIcon;
				ASSETCATALOG_COMPILER_GLOBAL_ACCENT_COLOR_NAME = AccentColor;
				CODE_SIGN_STYLE = Automatic;
				CURRENT_PROJECT_VERSION = 1;
				DEVELOPMENT_TEAM = FQA2XH9ZUM;
				GENERATE_INFOPLIST_FILE = YES;
				INFOPLIST_FILE = PhotoGalaryUtility/Info.plist;
				INFOPLIST_KEY_UIApplicationSupportsIndirectInputEvents = YES;
				INFOPLIST_KEY_UILaunchStoryboardName = LaunchScreen;
				INFOPLIST_KEY_UIMainStoryboardFile = Main;
				INFOPLIST_KEY_UISupportedInterfaceOrientations = UIInterfaceOrientationPortrait;
				INFOPLIST_KEY_UISupportedInterfaceOrientations_iPad = "UIInterfaceOrientationLandscapeLeft UIInterfaceOrientationLandscapeRight UIInterfaceOrientationPortrait UIInterfaceOrientationPortraitUpsideDown";
				IPHONEOS_DEPLOYMENT_TARGET = 11.0;
				LD_RUNPATH_SEARCH_PATHS = (
					"$(inherited)",
					"@executable_path/Frameworks",
				);
				MARKETING_VERSION = 1.0;
				PRODUCT_BUNDLE_IDENTIFIER = com.dovhiy.PhotoGalaryUtility;
				PRODUCT_NAME = "$(TARGET_NAME)";
				STRING_CATALOG_GENERATE_SYMBOLS = YES;
				SWIFT_APPROACHABLE_CONCURRENCY = YES;
				SWIFT_DEFAULT_ACTOR_ISOLATION = MainActor;
				SWIFT_EMIT_LOC_STRINGS = YES;
				SWIFT_UPCOMING_FEATURE_MEMBER_IMPORT_VISIBILITY = YES;
				SWIFT_VERSION = 5.0;
				TARGETED_DEVICE_FAMILY = "1,2";
			};
			name = Release;
		};
		823D52912F134F0000B609F4 /* Debug */ = {
			isa = XCBuildConfiguration;
			buildSettings = {
				ALWAYS_SEARCH_USER_PATHS = NO;
				ASSETCATALOG_COMPILER_GENERATE_SWIFT_ASSET_SYMBOL_EXTENSIONS = YES;
				CLANG_ANALYZER_NONNULL = YES;
				CLANG_ANALYZER_NUMBER_OBJECT_CONVERSION = YES_AGGRESSIVE;
				CLANG_CXX_LANGUAGE_STANDARD = "gnu++20";
				CLANG_ENABLE_MODULES = YES;
				CLANG_ENABLE_OBJC_ARC = YES;
				CLANG_ENABLE_OBJC_WEAK = YES;
				CLANG_WARN_BLOCK_CAPTURE_AUTORELEASING = YES;
				CLANG_WARN_BOOL_CONVERSION = YES;
				CLANG_WARN_COMMA = YES;
				CLANG_WARN_CONSTANT_CONVERSION = YES;
				CLANG_WARN_DEPRECATED_OBJC_IMPLEMENTATIONS = YES;
				CLANG_WARN_DIRECT_OBJC_ISA_USAGE = YES_ERROR;
				CLANG_WARN_DOCUMENTATION_COMMENTS = YES;
				CLANG_WARN_EMPTY_BODY = YES;
				CLANG_WARN_ENUM_CONVERSION = YES;
				CLANG_WARN_INFINITE_RECURSION = YES;
				CLANG_WARN_INT_CONVERSION = YES;
				CLANG_WARN_NON_LITERAL_NULL_CONVERSION = YES;
				CLANG_WARN_OBJC_IMPLICIT_RETAIN_SELF = YES;
				CLANG_WARN_OBJC_LITERAL_CONVERSION = YES;
				CLANG_WARN_OBJC_ROOT_CLASS = YES_ERROR;
				CLANG_WARN_QUOTED_INCLUDE_IN_FRAMEWORK_HEADER = YES;
				CLANG_WARN_RANGE_LOOP_ANALYSIS = YES;
				CLANG_WARN_STRICT_PROTOTYPES = YES;
				CLANG_WARN_SUSPICIOUS_MOVE = YES;
				CLANG_WARN_UNGUARDED_AVAILABILITY = YES_AGGRESSIVE;
				CLANG_WARN_UNREACHABLE_CODE = YES;
				CLANG_WARN__DUPLICATE_METHOD_MATCH = YES;
				COPY_PHASE_STRIP = NO;
				DEBUG_INFORMATION_FORMAT = dwarf;
				DEVELOPMENT_TEAM = FQA2XH9ZUM;
				ENABLE_STRICT_OBJC_MSGSEND = YES;
				ENABLE_TESTABILITY = YES;
				ENABLE_USER_SCRIPT_SANDBOXING = YES;
				GCC_C_LANGUAGE_STANDARD = gnu17;
				GCC_DYNAMIC_NO_PIC = NO;
				GCC_NO_COMMON_BLOCKS = YES;
				GCC_OPTIMIZATION_LEVEL = 0;
				GCC_PREPROCESSOR_DEFINITIONS = (
					"DEBUG=1",
					"$(inherited)",
				);
				GCC_WARN_64_TO_32_BIT_CONVERSION = YES;
				GCC_WARN_ABOUT_RETURN_TYPE = YES_ERROR;
				GCC_WARN_UNDECLARED_SELECTOR = YES;
				GCC_WARN_UNINITIALIZED_AUTOS = YES_AGGRESSIVE;
				GCC_WARN_UNUSED_FUNCTION = YES;
				GCC_WARN_UNUSED_VARIABLE = YES;
				IPHONEOS_DEPLOYMENT_TARGET = 26.0;
				LOCALIZATION_PREFERS_STRING_CATALOGS = YES;
				MTL_ENABLE_DEBUG_INFO = INCLUDE_SOURCE;
				MTL_FAST_MATH = YES;
				ONLY_ACTIVE_ARCH = YES;
				SDKROOT = iphoneos;
				SWIFT_ACTIVE_COMPILATION_CONDITIONS = "DEBUG $(inherited)";
				SWIFT_OPTIMIZATION_LEVEL = "-Onone";
			};
			name = Debug;
		};
		823D52922F134F0000B609F4 /* Release */ = {
			isa = XCBuildConfiguration;
			buildSettings = {
				ALWAYS_SEARCH_USER_PATHS = NO;
				ASSETCATALOG_COMPILER_GENERATE_SWIFT_ASSET_SYMBOL_EXTENSIONS = YES;
				CLANG_ANALYZER_NONNULL = YES;
				CLANG_ANALYZER_NUMBER_OBJECT_CONVERSION = YES_AGGRESSIVE;
				CLANG_CXX_LANGUAGE_STANDARD = "gnu++20";
				CLANG_ENABLE_MODULES = YES;
				CLANG_ENABLE_OBJC_ARC = YES;
				CLANG_ENABLE_OBJC_WEAK = YES;
				CLANG_WARN_BLOCK_CAPTURE_AUTORELEASING = YES;
				CLANG_WARN_BOOL_CONVERSION = YES;
				CLANG_WARN_COMMA = YES;
				CLANG_WARN_CONSTANT_CONVERSION = YES;
				CLANG_WARN_DEPRECATED_OBJC_IMPLEMENTATIONS = YES;
				CLANG_WARN_DIRECT_OBJC_ISA_USAGE = YES_ERROR;
				CLANG_WARN_DOCUMENTATION_COMMENTS = YES;
				CLANG_WARN_EMPTY_BODY = YES;
				CLANG_WARN_ENUM_CONVERSION = YES;
				CLANG_WARN_INFINITE_RECURSION = YES;
				CLANG_WARN_INT_CONVERSION = YES;
				CLANG_WARN_NON_LITERAL_NULL_CONVERSION = YES;
				CLANG_WARN_OBJC_IMPLICIT_RETAIN_SELF = YES;
				CLANG_WARN_OBJC_LITERAL_CONVERSION = YES;
				CLANG_WARN_OBJC_ROOT_CLASS = YES_ERROR;
				CLANG_WARN_QUOTED_INCLUDE_IN_FRAMEWORK_HEADER = YES;
				CLANG_WARN_RANGE_LOOP_ANALYSIS = YES;
				CLANG_WARN_STRICT_PROTOTYPES = YES;
				CLANG_WARN_SUSPICIOUS_MOVE = YES;
				CLANG_WARN_UNGUARDED_AVAILABILITY = YES_AGGRESSIVE;
				CLANG_WARN_UNREACHABLE_CODE = YES;
				CLANG_WARN__DUPLICATE_METHOD_MATCH = YES;
				COPY_PHASE_STRIP = NO;
				DEBUG_INFORMATION_FORMAT = "dwarf-with-dsym";
				DEVELOPMENT_TEAM = FQA2XH9ZUM;
				ENABLE_NS_ASSERTIONS = NO;
				ENABLE_STRICT_OBJC_MSGSEND = YES;
				ENABLE_USER_SCRIPT_SANDBOXING = YES;
				GCC_C_LANGUAGE_STANDARD = gnu17;
				GCC_NO_COMMON_BLOCKS = YES;
				GCC_WARN_64_TO_32_BIT_CONVERSION = YES;
				GCC_WARN_ABOUT_RETURN_TYPE = YES_ERROR;
				GCC_WARN_UNDECLARED_SELECTOR = YES;
				GCC_WARN_UNINITIALIZED_AUTOS = YES_AGGRESSIVE;
				GCC_WARN_UNUSED_FUNCTION = YES;
				GCC_WARN_UNUSED_VARIABLE = YES;
				IPHONEOS_DEPLOYMENT_TARGET = 26.0;
				LOCALIZATION_PREFERS_STRING_CATALOGS = YES;
				MTL_ENABLE_DEBUG_INFO = NO;
				MTL_FAST_MATH = YES;
				SDKROOT = iphoneos;
				SWIFT_COMPILATION_MODE = wholemodule;
				VALIDATE_PRODUCT = YES;
			};
			name = Release;
		};
/* End XCBuildConfiguration section */

/* Begin XCConfigurationList section */
		823D52762F134EFE00B609F4 /* Build configuration list for PBXProject "PhotoGalaryUtility" */ = {
			isa = XCConfigurationList;
			buildConfigurations = (
				823D52912F134F0000B609F4 /* Debug */,
				823D52922F134F0000B609F4 /* Release */,
			);
			defaultConfigurationIsVisible = 0;
			defaultConfigurationName = Release;
		};
		823D528E2F134F0000B609F4 /* Build configuration list for PBXNativeTarget "PhotoGalaryUtility" */ = {
			isa = XCConfigurationList;
			buildConfigurations = (
				823D528F2F134F0000B609F4 /* Debug */,
				823D52902F134F0000B609F4 /* Release */,
			);
			defaultConfigurationIsVisible = 0;
			defaultConfigurationName = Release;
		};
/* End XCConfigurationList section */
	};
	rootObject = 823D52732F134EFE00B609F4 /* Project object */;
}
